{
  "nodes": {
    "crane": {
      "locked": {
        "lastModified": 1784407669,
        "narHash": "sha256-gcFMcRjw0ZSn380Rx2QLlU1goUQeSrKX/DF12omI6+o=",
        "owner": "ipetkov",
        "repo": "crane",
        "rev": "1316b7d278ad77a16aec024b71d971366e123bec",
        "type": "github"
      },
      "original": {
        "owner": "ipetkov",
        "repo": "crane",
        "type": "github"
      }
    },
    "nixpkgs": {
      "locked": {
        "lastModified": 1784408523,
        "narHash": "sha256-gkGaGnt9PHzdCIiwK3Sr4DYiVl7geL1IDey5EfNTU8w=",
        "owner": "NixOS",
        "repo": "nixpkgs",
        "rev": "506c73f7cb1f60a6630c627628ae2a4b97f4876e",
        "type": "github"
      },
      "original": {
        "owner": "NixOS",
        "ref": "release-26.05",
        "repo": "nixpkgs",
        "type": "github"
      }
    },
    "root": {
      "inputs": {
        "crane": "crane",
        "nixpkgs": "nixpkgs",
        "rust-overlay": "rust-overlay",
        "treefmt-nix": "treefmt-nix"
      }
    },
    "rust-overlay": {
      "inputs": {
        "nixpkgs": [
          "nixpkgs"
        ]
      },
      "locked": {
        "lastModified": 1784350408,
        "narHash": "sha256-OstzLWL5t7Xe14xEC6GIMJCp0PrYNTSA0El7GG2av88=",
        "owner": "oxalica",
        "repo": "rust-overlay",
        "rev": "3c38e1e1ba9c8d7030f7b5a801398ea7d8a6fdc0",
        "type": "github"
      },
      "original": {
        "owner": "oxalica",
        "repo": "rust-overlay",
        "type": "github"
      }
    },
    "treefmt-nix": {
      "inputs": {
        "nixpkgs": [
          "nixpkgs"
        ]
      },
      "locked": {
        "lastModified": 1784369104,
        "narHash": "sha256-47cxbcZODibHv3rELFQ9vZly0vUNkND/atn/U7HLeb0=",
        "owner": "numtide",
        "repo": "treefmt-nix",
        "rev": "df3c0640565d04a0261253cdd89fce78ec50168a",
        "type": "github"
      },
      "original": {
        "owner": "numtide",
        "repo": "treefmt-nix",
        "type": "github"
      }
    }
  },
  "root": "root",
  "version": 7
}
